
Microsoft Visual Studio Solution File, Format Version 12.00
# Visual Studio Version 16
VisualStudioVersion = 16.0.30626.31
MinimumVisualStudioVersion = 10.0.40219.1
Project("{9A19103F-16F7-4668-BE54-9A1E7A4F7556}") = "Core by MainDen", "Core by MainDen.csproj", "{F6EE5A7D-4A12-4DED-A41B-BB155BDB6EE3}"
EndProject
Global
	GlobalSection(SolutionConfigurationPlatforms) = preSolution
		Debug|Any CPU = Debug|Any CPU
		Release|Any CPU = Release|Any CPU
	EndGlobalSection
	GlobalSection(ProjectConfigurationPlatforms) = postSolution
		{F6EE5A7D-4A12-4DED-A41B-BB155BDB6EE3}.Debug|Any CPU.ActiveCfg = Debug|Any CPU
		{F6EE5A7D-4A12-4DED-A41B-BB155BDB6EE3}.Debug|Any CPU.Build.0 = Debug|Any CPU
		{F6EE5A7D-4A12-4DED-A41B-BB155BDB6EE3}.Release|Any CPU.ActiveCfg = Release|Any CPU
		{F6EE5A7D-4A12-4DED-A41B-BB155BDB6EE3}.Release|Any CPU.Build.0 = Release|Any CPU
	EndGlobalSection
	GlobalSection(SolutionProperties) = preSolution
		HideSolutionNode = FALSE
	EndGlobalSection
	GlobalSection(ExtensibilityGlobals) = postSolution
		SolutionGuid = {31771103-76FA-4504-8CF1-6E1D9AE9AC7F}
	EndGlobalSection
EndGlobal
